
Microsoft Visual Studio Solution File, Format Version 12.00
# Visual Studio Version 17
VisualStudioVersion = 17.1.32210.238
MinimumVisualStudioVersion = 10.0.40219.1
Project("{FAE04EC0-301F-11D3-BF4B-00C04F79EFBC}") = "PortfolioUI", "PortfolioUI\PortfolioUI.csproj", "{81F90863-5C6C-4387-8D3B-889290E6A0BB}"
EndProject
Global
	GlobalSection(SolutionConfigurationPlatforms) = preSolution
		Debug|Any CPU = Debug|Any CPU
		Release|Any CPU = Release|Any CPU
	EndGlobalSection
	GlobalSection(ProjectConfigurationPlatforms) = postSolution
		{81F90863-5C6C-4387-8D3B-889290E6A0BB}.Debug|Any CPU.ActiveCfg = Debug|Any CPU
		{81F90863-5C6C-4387-8D3B-889290E6A0BB}.Debug|Any CPU.Build.0 = Debug|Any CPU
		{81F90863-5C6C-4387-8D3B-889290E6A0BB}.Release|Any CPU.ActiveCfg = Release|Any CPU
		{81F90863-5C6C-4387-8D3B-889290E6A0BB}.Release|Any CPU.Build.0 = Release|Any CPU
	EndGlobalSection
	GlobalSection(SolutionProperties) = preSolution
		HideSolutionNode = FALSE
	EndGlobalSection
	GlobalSection(ExtensibilityGlobals) = postSolution
		SolutionGuid = {3A541672-0C48-4861-B59E-6D684AC2D967}
	EndGlobalSection
EndGlobal
